{
  "name": "news-api",
  "version": "1.0.0",
  "lockfileVersion": 3,
  "requires": true,
  "packages": {
    "": {
      "name": "news-api",
      "version": "1.0.0",
      "license": "ISC",
      "dependencies": {
        "news-api": "file:"
      }
    },
    "node_modules/news-api": {
      "resolved": "",
      "link": true
    }
  }
}
